
Microsoft Visual Studio Solution File, Format Version 12.00
# Visual Studio Version 16
VisualStudioVersion = 16.0.30804.86
MinimumVisualStudioVersion = 10.0.40219.1
Project("{FAE04EC0-301F-11D3-BF4B-00C04F79EFBC}") = "WindowsFormsApp2", "WindowsFormsApp2\WindowsFormsApp2.csproj", "{8CBC498E-D242-424F-957F-7D5C68551DCB}"
EndProject
Global
	GlobalSection(SolutionConfigurationPlatforms) = preSolution
		Debug|Any CPU = Debug|Any CPU
		Release|Any CPU = Release|Any CPU
	EndGlobalSection
	GlobalSection(ProjectConfigurationPlatforms) = postSolution
		{8CBC498E-D242-424F-957F-7D5C68551DCB}.Debug|Any CPU.ActiveCfg = Debug|Any CPU
		{8CBC498E-D242-424F-957F-7D5C68551DCB}.Debug|Any CPU.Build.0 = Debug|Any CPU
		{8CBC498E-D242-424F-957F-7D5C68551DCB}.Release|Any CPU.ActiveCfg = Release|Any CPU
		{8CBC498E-D242-424F-957F-7D5C68551DCB}.Release|Any CPU.Build.0 = Release|Any CPU
	EndGlobalSection
	GlobalSection(SolutionProperties) = preSolution
		HideSolutionNode = FALSE
	EndGlobalSection
	GlobalSection(ExtensibilityGlobals) = postSolution
		SolutionGuid = {7DDD4718-4A7C-421F-9048-7C9C0BBE724D}
	EndGlobalSection
EndGlobal
